
Microsoft Visual Studio Solution File, Format Version 12.00
# Visual Studio Version 17
VisualStudioVersion = 17.13.35931.197 d17.13
MinimumVisualStudioVersion = 10.0.40219.1
Project("{FAE04EC0-301F-11D3-BF4B-00C04F79EFBC}") = "Cs_Toy_remindC", "Cs_Toy_remindC\Cs_Toy_remindC.csproj", "{98E63DBD-DACD-49CD-839C-0BE1AE7777C1}"
EndProject
Global
	GlobalSection(SolutionConfigurationPlatforms) = preSolution
		Debug|Any CPU = Debug|Any CPU
		Release|Any CPU = Release|Any CPU
	EndGlobalSection
	GlobalSection(ProjectConfigurationPlatforms) = postSolution
		{98E63DBD-DACD-49CD-839C-0BE1AE7777C1}.Debug|Any CPU.ActiveCfg = Debug|Any CPU
		{98E63DBD-DACD-49CD-839C-0BE1AE7777C1}.Debug|Any CPU.Build.0 = Debug|Any CPU
		{98E63DBD-DACD-49CD-839C-0BE1AE7777C1}.Release|Any CPU.ActiveCfg = Release|Any CPU
		{98E63DBD-DACD-49CD-839C-0BE1AE7777C1}.Release|Any CPU.Build.0 = Release|Any CPU
	EndGlobalSection
	GlobalSection(SolutionProperties) = preSolution
		HideSolutionNode = FALSE
	EndGlobalSection
	GlobalSection(ExtensibilityGlobals) = postSolution
		SolutionGuid = {8F6E73E1-38AB-4E34-8CE6-E2CEB8662AC4}
	EndGlobalSection
EndGlobal
